dependencies:
- name: qdrant
  repository: https://qdrant.github.io/qdrant-helm
  version: 1.19.2
- name: ollama
  repository: https://otwld.github.io/ollama-helm
  version: 1.85.0
digest: sha256:9a85a418c83e5c52b537e0970c95f065a0e1e57cd637b9fd97c6de9c56b12dc9
generated: "2026-10-07T04:16:26.571842431Z"
